
Microsoft Visual Studio Solution File, Format Version 12.00
# Visual Studio Version 17
VisualStudioVersion = 17.14.36518.9 d17.14
MinimumVisualStudioVersion = 10.0.40219.1
Project("{FAE04EC0-301F-11D3-BF4B-00C04F79EFBC}") = "ColumnEditor", "ColumnEditor\ColumnEditor.csproj", "{D3FC6E29-3690-45BA-9ED8-1BFBF9FEB418}"
EndProject
Global
	GlobalSection(SolutionConfigurationPlatforms) = preSolution
		Debug|Any CPU = Debug|Any CPU
		Release|Any CPU = Release|Any CPU
	EndGlobalSection
	GlobalSection(ProjectConfigurationPlatforms) = postSolution
		{D3FC6E29-3690-45BA-9ED8-1BFBF9FEB418}.Debug|Any CPU.ActiveCfg = Debug|Any CPU
		{D3FC6E29-3690-45BA-9ED8-1BFBF9FEB418}.Debug|Any CPU.Build.0 = Debug|Any CPU
		{D3FC6E29-3690-45BA-9ED8-1BFBF9FEB418}.Release|Any CPU.ActiveCfg = Release|Any CPU
		{D3FC6E29-3690-45BA-9ED8-1BFBF9FEB418}.Release|Any CPU.Build.0 = Release|Any CPU
	EndGlobalSection
	GlobalSection(SolutionProperties) = preSolution
		HideSolutionNode = FALSE
	EndGlobalSection
	GlobalSection(ExtensibilityGlobals) = postSolution
		SolutionGuid = {967641C1-5B79-43CE-9C3B-596F2D591AC5}
	EndGlobalSection
EndGlobal
